# @generated by Move, please check-in and do not edit manually.

[move]
version = 3
manifest_digest = "8AA8D5A88A6B0DD8EACFDAF995F91ACA3FF27CA1F99CFE8E2F54069F59D98306"
deps_digest = "F8BBB0CCB2491CA29A3DF03D6F92277A4F3574266507ACD77214D37ECA3F3082"
dependencies = [
  { id = "Sui", name = "Sui" },
]

[[move.package]]
id = "MoveStdlib"
source = { git = "https://github.com/MystenLabs/sui.git", rev = "framework/testnet", subdir = "crates/sui-framework/packages/move-stdlib" }

[[move.package]]
id = "Sui"
source = { git = "https://github.com/MystenLabs/sui.git", rev = "framework/testnet", subdir = "crates/sui-framework/packages/sui-framework" }

dependencies = [
  { id = "MoveStdlib", name = "MoveStdlib" },
]

[move.toolchain-version]
compiler-version = "1.39.0"
edition = "2024.beta"
flavor = "sui"

[env]

[env.blasttest]
chain-id = "4c78adac"
original-published-id = "0x33aa2a482b47298c743a0a0c588104919c7a40e38eb7630e0b9479ad35c998ca"
latest-published-id = "0x33aa2a482b47298c743a0a0c588104919c7a40e38eb7630e0b9479ad35c998ca"
published-version = "1"
